<?xml version="1.0" encoding="utf-8"?>
<Project ToolsVersion="4.0" xmlns="http://schemas.microsoft.com/developer/msbuild/2003">
  <ItemGroup>
    <Filter Include="Source Files">
      <UniqueIdentifier>{4FC737F1-C7A5-4376-A066-2A32D752A2FF}</UniqueIdentifier>
      <Extensions>cpp;c;cc;cxx;c++;cppm;ixx;def;odl;idl;hpj;bat;asm;asmx</Extensions>
    </Filter>
    <Filter Include="Header Files">
      <UniqueIdentifier>{93995380-89BD-4b04-88EB-625FBE52EBFB}</UniqueIdentifier>
      <Extensions>h;hh;hpp;hxx;h++;hm;inl;inc;ipp;xsd</Extensions>
    </Filter>
    <Filter Include="Resource Files">
      <UniqueIdentifier>{67DA6AB6-F800-4c08-8B7A-83BB121AAD01}</UniqueIdentifier>
      <Extensions>rc;ico;cur;bmp;dlg;rc2;rct;bin;rgs;gif;jpg;jpeg;jpe;resx;tiff;tif;png;wav;mfcribbon-ms</Extensions>
    </Filter>
    <Filter Include="Mouse and Keyboard">
      <UniqueIdentifier>{897c57c1-02f3-440c-b492-fd731e8e2802}</UniqueIdentifier>
    </Filter>
    <Filter Include="Graphics">
      <UniqueIdentifier>{23722b09-1b1a-47dd-9e4b-8623d26fdf55}</UniqueIdentifier>
    </Filter>
    <Filter Include="Graphics\Drawable">
      <UniqueIdentifier>{2c05e41c-86b6-410b-859a-6f18efe2bff8}</UniqueIdentifier>
    </Filter>
    <Filter Include="Graphics\Drawable\Buffers">
      <UniqueIdentifier>{78e1412a-bede-4929-8394-b427377059a7}</UniqueIdentifier>
    </Filter>
    <Filter Include="Graphics\Camera">
      <UniqueIdentifier>{b714ce35-76c2-488f-9753-b679977475a2}</UniqueIdentifier>
    </Filter>
    <Filter Include="ImGui">
      <UniqueIdentifier>{41e445db-8e55-4b99-8bd1-eded956f499c}</UniqueIdentifier>
    </Filter>
    <Filter Include="ImGui\Library Files">
      <UniqueIdentifier>{c834d52f-0f4e-4939-81ef-9a689226c74c}</UniqueIdentifier>
    </Filter>
    <Filter Include="Resource Files\Particle Shaders">
      <UniqueIdentifier>{70de1184-51c9-42d6-bfec-6f623da330a4}</UniqueIdentifier>
    </Filter>
    <Filter Include="Graphics\Billboarding">
      <UniqueIdentifier>{aa40cd71-f95d-4260-8be2-8d0c69cd28b7}</UniqueIdentifier>
    </Filter>
    <Filter Include="Graphics\Cubemap">
      <UniqueIdentifier>{4fd9c2b0-c112-4fbb-8526-a839f710aadd}</UniqueIdentifier>
    </Filter>
    <Filter Include="Resource Files\Cubemap Shaders">
      <UniqueIdentifier>{001789e5-5c89-4b2d-bb4b-7c7f09f6e13f}</UniqueIdentifier>
    </Filter>
  </ItemGroup>
  <ItemGroup>
    <ClCompile Include="Main.cpp">
      <Filter>Source Files</Filter>
    </ClCompile>
    <ClCompile Include="Timer.cpp">
      <Filter>Source Files</Filter>
    </ClCompile>
    <ClCompile Include="Keyboard.cpp">
      <Filter>Mouse and Keyboard</Filter>
    </ClCompile>
    <ClCompile Include="Mouse.cpp">
      <Filter>Mouse and Keyboard</Filter>
    </ClCompile>
    <ClCompile Include="App.cpp">
      <Filter>Source Files</Filter>
    </ClCompile>
    <ClCompile Include="D3D11Engine.cpp">
      <Filter>Graphics</Filter>
    </ClCompile>
    <ClCompile Include="IndexBuffer.cpp">
      <Filter>Graphics\Drawable\Buffers</Filter>
    </ClCompile>
    <ClCompile Include="VertexBuffer.cpp">
      <Filter>Graphics\Drawable\Buffers</Filter>
    </ClCompile>
    <ClCompile Include="Drawable.cpp">
      <Filter>Graphics\Drawable</Filter>
    </ClCompile>
    <ClCompile Include="ShaderResource.cpp">
      <Filter>Graphics\Drawable</Filter>
    </ClCompile>
    <ClCompile Include="ConstantBuffer.cpp">
      <Filter>Graphics</Filter>
    </ClCompile>
    <ClCompile Include="Camera.cpp">
      <Filter>Graphics\Camera</Filter>
    </ClCompile>
    <ClCompile Include="ImGuiHelper.cpp">
      <Filter>ImGui</Filter>
    </ClCompile>
    <ClCompile Include="Libraries\ImGui\imgui.cpp">
      <Filter>ImGui\Library Files</Filter>
    </ClCompile>
    <ClCompile Include="Libraries\ImGui\imgui_draw.cpp">
      <Filter>ImGui\Library Files</Filter>
    </ClCompile>
    <ClCompile Include="Libraries\ImGui\imgui_impl_dx11.cpp">
      <Filter>ImGui\Library Files</Filter>
    </ClCompile>
    <ClCompile Include="Libraries\ImGui\imgui_impl_win32.cpp">
      <Filter>ImGui\Library Files</Filter>
    </ClCompile>
    <ClCompile Include="Libraries\ImGui\imgui_tables.cpp">
      <Filter>ImGui\Library Files</Filter>
    </ClCompile>
    <ClCompile Include="Libraries\ImGui\imgui_widgets.cpp">
      <Filter>ImGui\Library Files</Filter>
    </ClCompile>
    <ClCompile Include="ParticleSystem.cpp">
      <Filter>Graphics\Billboarding</Filter>
    </ClCompile>
    <ClCompile Include="CubeMap.cpp">
      <Filter>Graphics\Cubemap</Filter>
    </ClCompile>
  </ItemGroup>
  <ItemGroup>
    <ClInclude Include="App.h">
      <Filter>Header Files</Filter>
    </ClInclude>
    <ClInclude Include="Timer.h">
      <Filter>Header Files</Filter>
    </ClInclude>
    <ClInclude Include="Keyboard.h">
      <Filter>Mouse and Keyboard</Filter>
    </ClInclude>
    <ClInclude Include="Mouse.h">
      <Filter>Mouse and Keyboard</Filter>
    </ClInclude>
    <ClInclude Include="D3D11Engine.h">
      <Filter>Graphics</Filter>
    </ClInclude>
    <ClInclude Include="stb_image.h">
      <Filter>Graphics</Filter>
    </ClInclude>
    <ClInclude Include="IndexBuffer.h">
      <Filter>Graphics\Drawable\Buffers</Filter>
    </ClInclude>
    <ClInclude Include="VertexBuffer.h">
      <Filter>Graphics\Drawable\Buffers</Filter>
    </ClInclude>
    <ClInclude Include="Drawable.h">
      <Filter>Graphics\Drawable</Filter>
    </ClInclude>
    <ClInclude Include="ShaderResource.h">
      <Filter>Graphics\Drawable</Filter>
    </ClInclude>
    <ClInclude Include="D3D11MathHelper.h">
      <Filter>Header Files</Filter>
    </ClInclude>
    <ClInclude Include="ConstantBuffer.h">
      <Filter>Graphics</Filter>
    </ClInclude>
    <ClInclude Include="Camera.h">
      <Filter>Graphics\Camera</Filter>
    </ClInclude>
    <ClInclude Include="ImGuiHelper.h">
      <Filter>ImGui</Filter>
    </ClInclude>
    <ClInclude Include="Libraries\ImGui\imconfig.h">
      <Filter>ImGui\Library Files</Filter>
    </ClInclude>
    <ClInclude Include="Libraries\ImGui\imgui.h">
      <Filter>ImGui\Library Files</Filter>
    </ClInclude>
    <ClInclude Include="Libraries\ImGui\imgui_impl_dx11.h">
      <Filter>ImGui\Library Files</Filter>
    </ClInclude>
    <ClInclude Include="Libraries\ImGui\imgui_impl_win32.h">
      <Filter>ImGui\Library Files</Filter>
    </ClInclude>
    <ClInclude Include="Libraries\ImGui\imgui_internal.h">
      <Filter>ImGui\Library Files</Filter>
    </ClInclude>
    <ClInclude Include="Libraries\ImGui\imstb_rectpack.h">
      <Filter>ImGui\Library Files</Filter>
    </ClInclude>
    <ClInclude Include="Libraries\ImGui\imstb_textedit.h">
      <Filter>ImGui\Library Files</Filter>
    </ClInclude>
    <ClInclude Include="Libraries\ImGui\imstb_truetype.h">
      <Filter>ImGui\Library Files</Filter>
    </ClInclude>
    <ClInclude Include="ParticleSystem.h">
      <Filter>Graphics\Billboarding</Filter>
    </ClInclude>
    <ClInclude Include="CubeMap.h">
      <Filter>Graphics\Cubemap</Filter>
    </ClInclude>
  </ItemGroup>
  <ItemGroup>
    <FxCompile Include="VertexShader.hlsl">
      <Filter>Resource Files</Filter>
    </FxCompile>
    <FxCompile Include="PixelShader.hlsl">
      <Filter>Resource Files</Filter>
    </FxCompile>
    <FxCompile Include="ComputeShader.hlsl">
      <Filter>Resource Files</Filter>
    </FxCompile>
    <FxCompile Include="HullShader.hlsl">
      <Filter>Resource Files</Filter>
    </FxCompile>
    <FxCompile Include="DomainShader.hlsl">
      <Filter>Resource Files</Filter>
    </FxCompile>
    <FxCompile Include="ParticleVertexShader.hlsl">
      <Filter>Resource Files\Particle Shaders</Filter>
    </FxCompile>
    <FxCompile Include="ParticlePixelShader.hlsl">
      <Filter>Resource Files\Particle Shaders</Filter>
    </FxCompile>
    <FxCompile Include="ParticleComputeShader.hlsl">
      <Filter>Resource Files\Particle Shaders</Filter>
    </FxCompile>
    <FxCompile Include="ParticleGeometryShader.hlsl">
      <Filter>Resource Files\Particle Shaders</Filter>
    </FxCompile>
    <FxCompile Include="CubeMapPixelShader.hlsl">
      <Filter>Resource Files\Cubemap Shaders</Filter>
    </FxCompile>
    <FxCompile Include="CubeMapVertexShader.hlsl">
      <Filter>Resource Files\Cubemap Shaders</Filter>
    </FxCompile>
  </ItemGroup>
</Project>